
Microsoft Visual Studio Solution File, Format Version 12.00
# Visual Studio Version 17
VisualStudioVersion = 17.2.32526.322
MinimumVisualStudioVersion = 10.0.40219.1
Project("{FAE04EC0-301F-11D3-BF4B-00C04F79EFBC}") = "BingBackgroundDownloader", "BingBackgroundDownloader.csproj", "{39797309-2FAB-4E2C-9DCB-6335B1C8986E}"
EndProject
Global
	GlobalSection(SolutionConfigurationPlatforms) = preSolution
		Debug|Any CPU = Debug|Any CPU
		Release|Any CPU = Release|Any CPU
	EndGlobalSection
	GlobalSection(ProjectConfigurationPlatforms) = postSolution
		{39797309-2FAB-4E2C-9DCB-6335B1C8986E}.Debug|Any CPU.ActiveCfg = Debug|Any CPU
		{39797309-2FAB-4E2C-9DCB-6335B1C8986E}.Debug|Any CPU.Build.0 = Debug|Any CPU
		{39797309-2FAB-4E2C-9DCB-6335B1C8986E}.Release|Any CPU.ActiveCfg = Release|Any CPU
		{39797309-2FAB-4E2C-9DCB-6335B1C8986E}.Release|Any CPU.Build.0 = Release|Any CPU
	EndGlobalSection
	GlobalSection(SolutionProperties) = preSolution
		HideSolutionNode = FALSE
	EndGlobalSection
	GlobalSection(ExtensibilityGlobals) = postSolution
		SolutionGuid = {CBDEA605-B0A5-4D06-9609-011BEF2979E6}
	EndGlobalSection
EndGlobal
